Microsoft Visual Studio Solution File, Format Version 12.00
# Visual Studio Version 17
VisualStudioVersion = 17.5.2.0
MinimumVisualStudioVersion = 10.0.40219.1
Project("{FAE04EC0-301F-11D3-BF4B-00C04F79EFBC}") = "BlobBuddy", "BlobBuddy.csproj", "{4C50ECAE-2FB3-6174-41E5-263349B247A1}"
EndProject
Global
	GlobalSection(SolutionConfigurationPlatforms) = preSolution
		Debug|Any CPU = Debug|Any CPU
		Release|Any CPU = Release|Any CPU
	EndGlobalSection
	GlobalSection(ProjectConfigurationPlatforms) = postSolution
		{4C50ECAE-2FB3-6174-41E5-263349B247A1}.Debug|Any CPU.ActiveCfg = Debug|Any CPU
		{4C50ECAE-2FB3-6174-41E5-263349B247A1}.Debug|Any CPU.Build.0 = Debug|Any CPU
		{4C50ECAE-2FB3-6174-41E5-263349B247A1}.Release|Any CPU.ActiveCfg = Release|Any CPU
		{4C50ECAE-2FB3-6174-41E5-263349B247A1}.Release|Any CPU.Build.0 = Release|Any CPU
	EndGlobalSection
	GlobalSection(SolutionProperties) = preSolution
		HideSolutionNode = FALSE
	EndGlobalSection
	GlobalSection(ExtensibilityGlobals) = postSolution
		SolutionGuid = {C5963961-9D85-4447-B604-5D6B32E0E8CC}
	EndGlobalSection
EndGlobal
